
Microsoft Visual Studio Solution File, Format Version 12.00
# Visual Studio Version 17
VisualStudioVersion = 17.9.34728.123
MinimumVisualStudioVersion = 10.0.40219.1
Project("{FAE04EC0-301F-11D3-BF4B-00C04F79EFBC}") = "Pdf2ImageFolder", "Pdf2PngFolder\Pdf2ImageFolder.csproj", "{BA3DF3DE-74E7-4823-A0BD-403F3C208FB9}"
EndProject
Global
	GlobalSection(SolutionConfigurationPlatforms) = preSolution
		Debug|Any CPU = Debug|Any CPU
		Release|Any CPU = Release|Any CPU
	EndGlobalSection
	GlobalSection(ProjectConfigurationPlatforms) = postSolution
		{BA3DF3DE-74E7-4823-A0BD-403F3C208FB9}.Debug|Any CPU.ActiveCfg = Debug|Any CPU
		{BA3DF3DE-74E7-4823-A0BD-403F3C208FB9}.Debug|Any CPU.Build.0 = Debug|Any CPU
		{BA3DF3DE-74E7-4823-A0BD-403F3C208FB9}.Release|Any CPU.ActiveCfg = Release|Any CPU
		{BA3DF3DE-74E7-4823-A0BD-403F3C208FB9}.Release|Any CPU.Build.0 = Release|Any CPU
	EndGlobalSection
	GlobalSection(SolutionProperties) = preSolution
		HideSolutionNode = FALSE
	EndGlobalSection
	GlobalSection(ExtensibilityGlobals) = postSolution
		SolutionGuid = {9EA97AFF-3DCE-465E-A8B6-7FAA84CC6C7E}
	EndGlobalSection
EndGlobal
